
Microsoft Visual Studio Solution File, Format Version 12.00
# Visual Studio Version 17
VisualStudioVersion = 17.9.34616.47
MinimumVisualStudioVersion = 10.0.40219.1
Project("{FAE04EC0-301F-11D3-BF4B-00C04F79EFBC}") = "Dictionary", "Dictionary.csproj", "{D7822E90-34F1-4497-9673-31FAA1AE2426}"
EndProject
Global
	GlobalSection(SolutionConfigurationPlatforms) = preSolution
		Debug|Any CPU = Debug|Any CPU
		Release|Any CPU = Release|Any CPU
	EndGlobalSection
	GlobalSection(ProjectConfigurationPlatforms) = postSolution
		{D7822E90-34F1-4497-9673-31FAA1AE2426}.Debug|Any CPU.ActiveCfg = Debug|Any CPU
		{D7822E90-34F1-4497-9673-31FAA1AE2426}.Debug|Any CPU.Build.0 = Debug|Any CPU
		{D7822E90-34F1-4497-9673-31FAA1AE2426}.Release|Any CPU.ActiveCfg = Release|Any CPU
		{D7822E90-34F1-4497-9673-31FAA1AE2426}.Release|Any CPU.Build.0 = Release|Any CPU
	EndGlobalSection
	GlobalSection(SolutionProperties) = preSolution
		HideSolutionNode = FALSE
	EndGlobalSection
	GlobalSection(ExtensibilityGlobals) = postSolution
		SolutionGuid = {61E472DD-79C1-411A-AEF8-85FEA4857E1F}
	EndGlobalSection
EndGlobal
