
Microsoft Visual Studio Solution File, Format Version 12.00
# Visual Studio Version 17
VisualStudioVersion = 17.9.34616.47
MinimumVisualStudioVersion = 10.0.40219.1
Project("{FAE04EC0-301F-11D3-BF4B-00C04F79EFBC}") = "playwithArray", "playwithArray.csproj", "{97337C7A-4077-463F-9C0F-3C8B5D50BA2F}"
EndProject
Global
	GlobalSection(SolutionConfigurationPlatforms) = preSolution
		Debug|Any CPU = Debug|Any CPU
		Release|Any CPU = Release|Any CPU
	EndGlobalSection
	GlobalSection(ProjectConfigurationPlatforms) = postSolution
		{97337C7A-4077-463F-9C0F-3C8B5D50BA2F}.Debug|Any CPU.ActiveCfg = Debug|Any CPU
		{97337C7A-4077-463F-9C0F-3C8B5D50BA2F}.Debug|Any CPU.Build.0 = Debug|Any CPU
		{97337C7A-4077-463F-9C0F-3C8B5D50BA2F}.Release|Any CPU.ActiveCfg = Release|Any CPU
		{97337C7A-4077-463F-9C0F-3C8B5D50BA2F}.Release|Any CPU.Build.0 = Release|Any CPU
	EndGlobalSection
	GlobalSection(SolutionProperties) = preSolution
		HideSolutionNode = FALSE
	EndGlobalSection
	GlobalSection(ExtensibilityGlobals) = postSolution
		SolutionGuid = {F8E1A822-7D44-43B5-B3A4-632134E5BE83}
	EndGlobalSection
EndGlobal
