
Microsoft Visual Studio Solution File, Format Version 12.00
# Visual Studio Version 17
VisualStudioVersion = 17.9.34616.47
MinimumVisualStudioVersion = 10.0.40219.1
Project("{FAE04EC0-301F-11D3-BF4B-00C04F79EFBC}") = "Constructoranddrestructor", "Constructoranddrestructor.csproj", "{FC62470A-3641-4576-A93B-7E80EE6912B7}"
EndProject
Global
	GlobalSection(SolutionConfigurationPlatforms) = preSolution
		Debug|Any CPU = Debug|Any CPU
		Release|Any CPU = Release|Any CPU
	EndGlobalSection
	GlobalSection(ProjectConfigurationPlatforms) = postSolution
		{FC62470A-3641-4576-A93B-7E80EE6912B7}.Debug|Any CPU.ActiveCfg = Debug|Any CPU
		{FC62470A-3641-4576-A93B-7E80EE6912B7}.Debug|Any CPU.Build.0 = Debug|Any CPU
		{FC62470A-3641-4576-A93B-7E80EE6912B7}.Release|Any CPU.ActiveCfg = Release|Any CPU
		{FC62470A-3641-4576-A93B-7E80EE6912B7}.Release|Any CPU.Build.0 = Release|Any CPU
	EndGlobalSection
	GlobalSection(SolutionProperties) = preSolution
		HideSolutionNode = FALSE
	EndGlobalSection
	GlobalSection(ExtensibilityGlobals) = postSolution
		SolutionGuid = {9C4EB7A2-FEEC-4667-8A37-8C664F2E07C4}
	EndGlobalSection
EndGlobal
