
Microsoft Visual Studio Solution File, Format Version 12.00
# Visual Studio Version 17
VisualStudioVersion = 17.9.34616.47
MinimumVisualStudioVersion = 10.0.40219.1
Project("{FAE04EC0-301F-11D3-BF4B-00C04F79EFBC}") = "Encapsulatiom", "Encapsulatiom.csproj", "{4900B50A-C0B7-4890-9D07-FF5FB57227C0}"
EndProject
Project("{2150E333-8FDC-42A3-9474-1A3956D46DE8}") = "Solution Items", "Solution Items", "{F433A91C-0B9A-4805-88E3-01C4BA0C839E}"
	ProjectSection(SolutionItems) = preProject
		Theory.txt = Theory.txt
	EndProjectSection
EndProject
Global
	GlobalSection(SolutionConfigurationPlatforms) = preSolution
		Debug|Any CPU = Debug|Any CPU
		Release|Any CPU = Release|Any CPU
	EndGlobalSection
	GlobalSection(ProjectConfigurationPlatforms) = postSolution
		{4900B50A-C0B7-4890-9D07-FF5FB57227C0}.Debug|Any CPU.ActiveCfg = Debug|Any CPU
		{4900B50A-C0B7-4890-9D07-FF5FB57227C0}.Debug|Any CPU.Build.0 = Debug|Any CPU
		{4900B50A-C0B7-4890-9D07-FF5FB57227C0}.Release|Any CPU.ActiveCfg = Release|Any CPU
		{4900B50A-C0B7-4890-9D07-FF5FB57227C0}.Release|Any CPU.Build.0 = Release|Any CPU
	EndGlobalSection
	GlobalSection(SolutionProperties) = preSolution
		HideSolutionNode = FALSE
	EndGlobalSection
	GlobalSection(ExtensibilityGlobals) = postSolution
		SolutionGuid = {A81EC0EC-E68A-4073-BC4F-7ECD7CEDE839}
	EndGlobalSection
EndGlobal
