
Microsoft Visual Studio Solution File, Format Version 12.00
# Visual Studio Version 17
VisualStudioVersion = 17.9.34616.47
MinimumVisualStudioVersion = 10.0.40219.1
Project("{FAE04EC0-301F-11D3-BF4B-00C04F79EFBC}") = "serialiseanddeserialise", "serialiseanddeserialise.csproj", "{572B8CED-D9F0-4261-A4BA-F99CFE94BD94}"
EndProject
Global
	GlobalSection(SolutionConfigurationPlatforms) = preSolution
		Debug|Any CPU = Debug|Any CPU
		Release|Any CPU = Release|Any CPU
	EndGlobalSection
	GlobalSection(ProjectConfigurationPlatforms) = postSolution
		{572B8CED-D9F0-4261-A4BA-F99CFE94BD94}.Debug|Any CPU.ActiveCfg = Debug|Any CPU
		{572B8CED-D9F0-4261-A4BA-F99CFE94BD94}.Debug|Any CPU.Build.0 = Debug|Any CPU
		{572B8CED-D9F0-4261-A4BA-F99CFE94BD94}.Release|Any CPU.ActiveCfg = Release|Any CPU
		{572B8CED-D9F0-4261-A4BA-F99CFE94BD94}.Release|Any CPU.Build.0 = Release|Any CPU
	EndGlobalSection
	GlobalSection(SolutionProperties) = preSolution
		HideSolutionNode = FALSE
	EndGlobalSection
	GlobalSection(ExtensibilityGlobals) = postSolution
		SolutionGuid = {774FAC25-11BC-419D-82C3-96B5ED4973DD}
	EndGlobalSection
EndGlobal
