
Microsoft Visual Studio Solution File, Format Version 12.00
# Visual Studio Version 17
VisualStudioVersion = 17.9.34616.47
MinimumVisualStudioVersion = 10.0.40219.1
Project("{FAE04EC0-301F-11D3-BF4B-00C04F79EFBC}") = "Lists", "Lists.csproj", "{C030255B-5916-4C33-996A-892E9A3E3B2C}"
EndProject
Global
	GlobalSection(SolutionConfigurationPlatforms) = preSolution
		Debug|Any CPU = Debug|Any CPU
		Release|Any CPU = Release|Any CPU
	EndGlobalSection
	GlobalSection(ProjectConfigurationPlatforms) = postSolution
		{C030255B-5916-4C33-996A-892E9A3E3B2C}.Debug|Any CPU.ActiveCfg = Debug|Any CPU
		{C030255B-5916-4C33-996A-892E9A3E3B2C}.Debug|Any CPU.Build.0 = Debug|Any CPU
		{C030255B-5916-4C33-996A-892E9A3E3B2C}.Release|Any CPU.ActiveCfg = Release|Any CPU
		{C030255B-5916-4C33-996A-892E9A3E3B2C}.Release|Any CPU.Build.0 = Release|Any CPU
	EndGlobalSection
	GlobalSection(SolutionProperties) = preSolution
		HideSolutionNode = FALSE
	EndGlobalSection
	GlobalSection(ExtensibilityGlobals) = postSolution
		SolutionGuid = {052B9B37-479E-4BCC-ACE5-EEEC43E44FAA}
	EndGlobalSection
EndGlobal
